
Microsoft Visual Studio Solution File, Format Version 12.00
# Visual Studio Version 17
VisualStudioVersion = 17.2.32630.192
MinimumVisualStudioVersion = 10.0.40219.1
Project("{9A19103F-16F7-4668-BE54-9A1E7A4F7556}") = "WEBAPI.Aula01", "WEBAPI.Aula01\WEBAPI.Aula01.csproj", "{809B2D5F-6A7A-487B-BE4E-DEB6B0896CFC}"
EndProject
Project("{FAE04EC0-301F-11D3-BF4B-00C04F79EFBC}") = "WEBAPI.Aula01.Core", "WEBAPI.Aula01.Core\WEBAPI.Aula01.Core.csproj", "{05F61A13-266C-4C39-895C-2433E052847B}"
EndProject
Project("{FAE04EC0-301F-11D3-BF4B-00C04F79EFBC}") = "WEBAPI.Aula01.Infra", "WEBAPI.Aula01.Infra\WEBAPI.Aula01.Infra.csproj", "{2228FCB1-8CED-495B-A07C-2EDE91D00012}"
EndProject
Global
	GlobalSection(SolutionConfigurationPlatforms) = preSolution
		Debug|Any CPU = Debug|Any CPU
		Release|Any CPU = Release|Any CPU
	EndGlobalSection
	GlobalSection(ProjectConfigurationPlatforms) = postSolution
		{809B2D5F-6A7A-487B-BE4E-DEB6B0896CFC}.Debug|Any CPU.ActiveCfg = Debug|Any CPU
		{809B2D5F-6A7A-487B-BE4E-DEB6B0896CFC}.Debug|Any CPU.Build.0 = Debug|Any CPU
		{809B2D5F-6A7A-487B-BE4E-DEB6B0896CFC}.Release|Any CPU.ActiveCfg = Release|Any CPU
		{809B2D5F-6A7A-487B-BE4E-DEB6B0896CFC}.Release|Any CPU.Build.0 = Release|Any CPU
		{05F61A13-266C-4C39-895C-2433E052847B}.Debug|Any CPU.ActiveCfg = Debug|Any CPU
		{05F61A13-266C-4C39-895C-2433E052847B}.Debug|Any CPU.Build.0 = Debug|Any CPU
		{05F61A13-266C-4C39-895C-2433E052847B}.Release|Any CPU.ActiveCfg = Release|Any CPU
		{05F61A13-266C-4C39-895C-2433E052847B}.Release|Any CPU.Build.0 = Release|Any CPU
		{2228FCB1-8CED-495B-A07C-2EDE91D00012}.Debug|Any CPU.ActiveCfg = Debug|Any CPU
		{2228FCB1-8CED-495B-A07C-2EDE91D00012}.Debug|Any CPU.Build.0 = Debug|Any CPU
		{2228FCB1-8CED-495B-A07C-2EDE91D00012}.Release|Any CPU.ActiveCfg = Release|Any CPU
		{2228FCB1-8CED-495B-A07C-2EDE91D00012}.Release|Any CPU.Build.0 = Release|Any CPU
	EndGlobalSection
	GlobalSection(SolutionProperties) = preSolution
		HideSolutionNode = FALSE
	EndGlobalSection
	GlobalSection(ExtensibilityGlobals) = postSolution
		SolutionGuid = {3A6D0F4F-52EB-43F7-94CF-0C65B30E0513}
	EndGlobalSection
EndGlobal
